Microsoft Visual Studio Solution File, Format Version 11.00
# Visual Studio 2010
Project("{8BC9CEB8-8B4A-11D0-8D11-00A0C91BC942}") = "DevIL.NET", "DevIL.NET.vcxproj", "{30D94686-D452-4A73-B59D-178288807EE5}"
EndProject
Project("{FAE04EC0-301F-11D3-BF4B-00C04F79EFBC}") = "ThumbView", "..\ThumbView\ThumbView.csproj", "{1541F8B7-DBE4-490B-9E1A-8D0122339F09}"
EndProject
Project("{FAE04EC0-301F-11D3-BF4B-00C04F79EFBC}") = "ImageViewCs", "..\ImageViewCs\ImageViewCs.csproj", "{C6EF7F8A-0CCB-4DAD-A70E-CCCB25608A5E}"
EndProject
Project("{F184B08F-C81C-45F6-A57F-5ABD9991F28F}") = "ImageViewVb", "..\ImageViewVb\ImageViewVb.vbproj", "{F073580C-F355-4F4A-98B7-83D571B96B9E}"
EndProject
Global
	GlobalSection(SolutionConfigurationPlatforms) = preSolution
		Debug|Win32 = Debug|Win32
		Release|Win32 = Release|Win32
	EndGlobalSection
	GlobalSection(ProjectConfigurationPlatforms) = postSolution
		{30D94686-D452-4A73-B59D-178288807EE5}.Debug|Win32.ActiveCfg = Debug|Win32
		{30D94686-D452-4A73-B59D-178288807EE5}.Debug|Win32.Build.0 = Debug|Win32
		{30D94686-D452-4A73-B59D-178288807EE5}.Release|Win32.ActiveCfg = Release|Win32
		{30D94686-D452-4A73-B59D-178288807EE5}.Release|Win32.Build.0 = Release|Win32
		{1541F8B7-DBE4-490B-9E1A-8D0122339F09}.Debug|Win32.ActiveCfg = Debug|Any CPU
		{1541F8B7-DBE4-490B-9E1A-8D0122339F09}.Release|Win32.ActiveCfg = Release|Any CPU
		{C6EF7F8A-0CCB-4DAD-A70E-CCCB25608A5E}.Debug|Win32.ActiveCfg = Debug|Any CPU
		{C6EF7F8A-0CCB-4DAD-A70E-CCCB25608A5E}.Release|Win32.ActiveCfg = Release|Any CPU
		{F073580C-F355-4F4A-98B7-83D571B96B9E}.Debug|Win32.ActiveCfg = Debug|Any CPU
		{F073580C-F355-4F4A-98B7-83D571B96B9E}.Release|Win32.ActiveCfg = Release|Any CPU
	EndGlobalSection
	GlobalSection(SolutionProperties) = preSolution
		HideSolutionNode = FALSE
	EndGlobalSection
	GlobalSection(DPCodeReviewSolutionGUID) = preSolution
		DPCodeReviewSolutionGUID = {00000000-0000-0000-0000-000000000000}
	EndGlobalSection
EndGlobal
